
Microsoft Visual Studio Solution File, Format Version 12.00
# Visual Studio Version 16
VisualStudioVersion = 16.0.30011.22
MinimumVisualStudioVersion = 10.0.40219.1
Project("{FAE04EC0-301F-11D3-BF4B-00C04F79EFBC}") = "DesktopKanajoPatcher", "DesktopKanajoPatcher.csproj", "{E37035D8-B540-4B13-B6CD-B8C15AA2C834}"
EndProject
Global
	GlobalSection(SolutionConfigurationPlatforms) = preSolution
		Debug|Any CPU = Debug|Any CPU
		Release|Any CPU = Release|Any CPU
	EndGlobalSection
	GlobalSection(ProjectConfigurationPlatforms) = postSolution
		{E37035D8-B540-4B13-B6CD-B8C15AA2C834}.Debug|Any CPU.ActiveCfg = Debug|Any CPU
		{E37035D8-B540-4B13-B6CD-B8C15AA2C834}.Debug|Any CPU.Build.0 = Debug|Any CPU
		{E37035D8-B540-4B13-B6CD-B8C15AA2C834}.Release|Any CPU.ActiveCfg = Release|Any CPU
		{E37035D8-B540-4B13-B6CD-B8C15AA2C834}.Release|Any CPU.Build.0 = Release|Any CPU
	EndGlobalSection
	GlobalSection(SolutionProperties) = preSolution
		HideSolutionNode = FALSE
	EndGlobalSection
	GlobalSection(ExtensibilityGlobals) = postSolution
		SolutionGuid = {165FC1C3-EE17-47B6-AC85-73438B0EA7F6}
	EndGlobalSection
EndGlobal
